{
  "name": "Dolby Atmos Visualisation",
  "lockfileVersion": 3,
  "requires": true,
  "packages": {
    "": {
      "dependencies": {
        "audiomotion-analyzer": "^4.5.1"
      }
    },
    "node_modules/audiomotion-analyzer": {
      "version": "4.5.1",
      "resolved": "https://registry.npmmirror.com/audiomotion-analyzer/-/audiomotion-analyzer-4.5.1.tgz",
      "integrity": "sha512-vEO5HgivsZa9ZhQDItSMjXD5+qsRu6rAEKzAmrg7HbOFeM4tPVrE/wxiRREWxzbGpuH9NZT4Ze+v95G1w/rRAA==",
      "license": "AGPL-3.0-or-later",
      "funding": {
        "type": "Ko-fi",
        "url": "https://ko-fi.com/hvianna"
      }
    }
  }
}
